
Microsoft Visual Studio Solution File, Format Version 12.00
# Visual Studio Version 17
VisualStudioVersion = 17.8.34316.72
MinimumVisualStudioVersion = 10.0.40219.1
Project("{9A19103F-16F7-4668-BE54-9A1E7A4F7556}") = "APIRESTAURANT", "APIRESTAURANT\APIRESTAURANT.csproj", "{132744DD-B2D7-4CD6-B6AB-5AA7E5E01E9A}"
	ProjectSection(ProjectDependencies) = postProject
		{3BD5F9C4-E003-49AA-A59E-E66F7F01BFA5} = {3BD5F9C4-E003-49AA-A59E-E66F7F01BFA5}
		{9F66515A-1474-462F-A0F0-074DEFEB3872} = {9F66515A-1474-462F-A0F0-074DEFEB3872}
		{C5C29910-D627-4F7F-B973-166765EF2C44} = {C5C29910-D627-4F7F-B973-166765EF2C44}
		{FDADC878-AE8E-4EFE-A5D7-AD6CE9F03979} = {FDADC878-AE8E-4EFE-A5D7-AD6CE9F03979}
	EndProjectSection
EndProject
Project("{9A19103F-16F7-4668-BE54-9A1E7A4F7556}") = "ApiRestaurant.Core.Application", "ApiRestaurant.Core.Application\ApiRestaurant.Core.Application.csproj", "{3BD5F9C4-E003-49AA-A59E-E66F7F01BFA5}"
EndProject
Project("{2150E333-8FDC-42A3-9474-1A3956D46DE8}") = "Source", "Source", "{6438406D-1BD4-4070-973D-95FD000B4D86}"
EndProject
Project("{2150E333-8FDC-42A3-9474-1A3956D46DE8}") = "Core", "Core", "{25EDC9B8-1DE5-428F-80F1-EAC66804245C}"
EndProject
Project("{2150E333-8FDC-42A3-9474-1A3956D46DE8}") = "Infrastructure", "Infrastructure", "{96A4B4B2-0B4B-4ECB-8EF7-3D2A0CDA35BE}"
EndProject
Project("{2150E333-8FDC-42A3-9474-1A3956D46DE8}") = "Presentation", "Presentation", "{A295ABD8-9EE6-4EEF-ACC2-EE0F4D8DB507}"
EndProject
Project("{9A19103F-16F7-4668-BE54-9A1E7A4F7556}") = "ApiRestaurant.Core.Domain", "ApiRestaurant.Core.Domain\ApiRestaurant.Core.Domain.csproj", "{C5C29910-D627-4F7F-B973-166765EF2C44}"
EndProject
Project("{9A19103F-16F7-4668-BE54-9A1E7A4F7556}") = "ApiRestaurant.Infrastructure.Identity", "ApiRestaurant.Infrastructure.Identity\ApiRestaurant.Infrastructure.Identity.csproj", "{FDADC878-AE8E-4EFE-A5D7-AD6CE9F03979}"
	ProjectSection(ProjectDependencies) = postProject
		{3BD5F9C4-E003-49AA-A59E-E66F7F01BFA5} = {3BD5F9C4-E003-49AA-A59E-E66F7F01BFA5}
		{C5C29910-D627-4F7F-B973-166765EF2C44} = {C5C29910-D627-4F7F-B973-166765EF2C44}
	EndProjectSection
EndProject
Project("{9A19103F-16F7-4668-BE54-9A1E7A4F7556}") = "ApiRestaurant.Infrastucture.Persistence", "ApiRestaurant.Infrastucture.Persistence\ApiRestaurant.Infrastucture.Persistence.csproj", "{9F66515A-1474-462F-A0F0-074DEFEB3872}"
EndProject
Project("{FAE04EC0-301F-11D3-BF4B-00C04F79EFBC}") = "Restaurant.Infraestructure.Shared", "Restaurant.Infraestructure.Shared\Restaurant.Infraestructure.Shared.csproj", "{B1A8BFC5-9DAD-4504-A076-3B9E69579337}"
EndProject
Global
	GlobalSection(SolutionConfigurationPlatforms) = preSolution
		Debug|Any CPU = Debug|Any CPU
		Release|Any CPU = Release|Any CPU
	EndGlobalSection
	GlobalSection(ProjectConfigurationPlatforms) = postSolution
		{132744DD-B2D7-4CD6-B6AB-5AA7E5E01E9A}.Debug|Any CPU.ActiveCfg = Debug|Any CPU
		{132744DD-B2D7-4CD6-B6AB-5AA7E5E01E9A}.Debug|Any CPU.Build.0 = Debug|Any CPU
		{132744DD-B2D7-4CD6-B6AB-5AA7E5E01E9A}.Release|Any CPU.ActiveCfg = Release|Any CPU
		{132744DD-B2D7-4CD6-B6AB-5AA7E5E01E9A}.Release|Any CPU.Build.0 = Release|Any CPU
		{3BD5F9C4-E003-49AA-A59E-E66F7F01BFA5}.Debug|Any CPU.ActiveCfg = Debug|Any CPU
		{3BD5F9C4-E003-49AA-A59E-E66F7F01BFA5}.Debug|Any CPU.Build.0 = Debug|Any CPU
		{3BD5F9C4-E003-49AA-A59E-E66F7F01BFA5}.Release|Any CPU.ActiveCfg = Release|Any CPU
		{3BD5F9C4-E003-49AA-A59E-E66F7F01BFA5}.Release|Any CPU.Build.0 = Release|Any CPU
		{C5C29910-D627-4F7F-B973-166765EF2C44}.Debug|Any CPU.ActiveCfg = Debug|Any CPU
		{C5C29910-D627-4F7F-B973-166765EF2C44}.Debug|Any CPU.Build.0 = Debug|Any CPU
		{C5C29910-D627-4F7F-B973-166765EF2C44}.Release|Any CPU.ActiveCfg = Release|Any CPU
		{C5C29910-D627-4F7F-B973-166765EF2C44}.Release|Any CPU.Build.0 = Release|Any CPU
		{FDADC878-AE8E-4EFE-A5D7-AD6CE9F03979}.Debug|Any CPU.ActiveCfg = Debug|Any CPU
		{FDADC878-AE8E-4EFE-A5D7-AD6CE9F03979}.Debug|Any CPU.Build.0 = Debug|Any CPU
		{FDADC878-AE8E-4EFE-A5D7-AD6CE9F03979}.Release|Any CPU.ActiveCfg = Release|Any CPU
		{FDADC878-AE8E-4EFE-A5D7-AD6CE9F03979}.Release|Any CPU.Build.0 = Release|Any CPU
		{9F66515A-1474-462F-A0F0-074DEFEB3872}.Debug|Any CPU.ActiveCfg = Debug|Any CPU
		{9F66515A-1474-462F-A0F0-074DEFEB3872}.Debug|Any CPU.Build.0 = Debug|Any CPU
		{9F66515A-1474-462F-A0F0-074DEFEB3872}.Release|Any CPU.ActiveCfg = Release|Any CPU
		{9F66515A-1474-462F-A0F0-074DEFEB3872}.Release|Any CPU.Build.0 = Release|Any CPU
		{B1A8BFC5-9DAD-4504-A076-3B9E69579337}.Debug|Any CPU.ActiveCfg = Debug|Any CPU
		{B1A8BFC5-9DAD-4504-A076-3B9E69579337}.Debug|Any CPU.Build.0 = Debug|Any CPU
		{B1A8BFC5-9DAD-4504-A076-3B9E69579337}.Release|Any CPU.ActiveCfg = Release|Any CPU
		{B1A8BFC5-9DAD-4504-A076-3B9E69579337}.Release|Any CPU.Build.0 = Release|Any CPU
	EndGlobalSection
	GlobalSection(SolutionProperties) = preSolution
		HideSolutionNode = FALSE
	EndGlobalSection
	GlobalSection(NestedProjects) = preSolution
		{132744DD-B2D7-4CD6-B6AB-5AA7E5E01E9A} = {A295ABD8-9EE6-4EEF-ACC2-EE0F4D8DB507}
		{3BD5F9C4-E003-49AA-A59E-E66F7F01BFA5} = {25EDC9B8-1DE5-428F-80F1-EAC66804245C}
		{25EDC9B8-1DE5-428F-80F1-EAC66804245C} = {6438406D-1BD4-4070-973D-95FD000B4D86}
		{96A4B4B2-0B4B-4ECB-8EF7-3D2A0CDA35BE} = {6438406D-1BD4-4070-973D-95FD000B4D86}
		{A295ABD8-9EE6-4EEF-ACC2-EE0F4D8DB507} = {6438406D-1BD4-4070-973D-95FD000B4D86}
		{C5C29910-D627-4F7F-B973-166765EF2C44} = {25EDC9B8-1DE5-428F-80F1-EAC66804245C}
		{FDADC878-AE8E-4EFE-A5D7-AD6CE9F03979} = {96A4B4B2-0B4B-4ECB-8EF7-3D2A0CDA35BE}
		{9F66515A-1474-462F-A0F0-074DEFEB3872} = {96A4B4B2-0B4B-4ECB-8EF7-3D2A0CDA35BE}
		{B1A8BFC5-9DAD-4504-A076-3B9E69579337} = {96A4B4B2-0B4B-4ECB-8EF7-3D2A0CDA35BE}
	EndGlobalSection
	GlobalSection(ExtensibilityGlobals) = postSolution
		SolutionGuid = {E68693B1-1772-477F-9C23-5835352BEA84}
	EndGlobalSection
EndGlobal
